
Microsoft Visual Studio Solution File, Format Version 12.00
# Visual Studio Version 17
VisualStudioVersion = 17.4.33213.308
MinimumVisualStudioVersion = 10.0.40219.1
Project("{FAE04EC0-301F-11D3-BF4B-00C04F79EFBC}") = "Sarcastifer", "Sarcastifer\Sarcastifer.csproj", "{BAC3B415-76CD-44B7-B3D6-9BDF7DBA112B}"
EndProject
Global
	GlobalSection(SolutionConfigurationPlatforms) = preSolution
		Debug|Any CPU = Debug|Any CPU
		Release|Any CPU = Release|Any CPU
	EndGlobalSection
	GlobalSection(ProjectConfigurationPlatforms) = postSolution
		{BAC3B415-76CD-44B7-B3D6-9BDF7DBA112B}.Debug|Any CPU.ActiveCfg = Debug|Any CPU
		{BAC3B415-76CD-44B7-B3D6-9BDF7DBA112B}.Debug|Any CPU.Build.0 = Debug|Any CPU
		{BAC3B415-76CD-44B7-B3D6-9BDF7DBA112B}.Release|Any CPU.ActiveCfg = Release|Any CPU
		{BAC3B415-76CD-44B7-B3D6-9BDF7DBA112B}.Release|Any CPU.Build.0 = Release|Any CPU
	EndGlobalSection
	GlobalSection(SolutionProperties) = preSolution
		HideSolutionNode = FALSE
	EndGlobalSection
	GlobalSection(ExtensibilityGlobals) = postSolution
		SolutionGuid = {E8E92244-062C-486B-B46A-05F70504402A}
	EndGlobalSection
EndGlobal
